
Microsoft Visual Studio Solution File, Format Version 12.00
# Visual Studio 14
VisualStudioVersion = 14.0.23107.0
MinimumVisualStudioVersion = 10.0.40219.1
Project("{FAE04EC0-301F-11D3-BF4B-00C04F79EFBC}") = "UniversalBatteryService.Samples.Wpf", "UniversalBatteryService.Samples.Wpf\UniversalBatteryService.Samples.Wpf.csproj", "{A1517162-D5D1-49E3-A372-0EBD1FED0E15}"
EndProject
Project("{2150E333-8FDC-42A3-9474-1A3956D46DE8}") = "Universal battery services", "Universal battery services", "{FC63A515-053D-42A0-8D7F-98F3A960EF00}"
EndProject
Project("{D954291E-2A0B-460D-934E-DC6B0785DB48}") = "UniversalBatteryService", "..\src\UniversalBatteryService\UniversalBatteryService.shproj", "{7F04E49D-8AC1-4333-AE98-201B55B2402B}"
EndProject
Project("{FAE04EC0-301F-11D3-BF4B-00C04F79EFBC}") = "UniversalBatteryService.Net45", "..\src\UniversalBatteryService.Net45\UniversalBatteryService.Net45.csproj", "{60B97639-634E-4F3B-A808-8C49FA489DEE}"
EndProject
Project("{FAE04EC0-301F-11D3-BF4B-00C04F79EFBC}") = "UniversalBatteryService.Universal", "..\src\UniversalBatteryService.Universal\UniversalBatteryService.Universal.csproj", "{7140EF73-1248-48ED-8164-277BE745DA26}"
EndProject
Project("{FAE04EC0-301F-11D3-BF4B-00C04F79EFBC}") = "UniversalBatteryService.Windows", "..\src\UniversalBatteryService.Windows\UniversalBatteryService.Windows.csproj", "{50FC16B5-5C89-4713-AF49-20731B52DD34}"
EndProject
Project("{FAE04EC0-301F-11D3-BF4B-00C04F79EFBC}") = "UniversalBatteryService.WindowsPhone", "..\src\UniversalBatteryService.WindowsPhone\UniversalBatteryService.WindowsPhone.csproj", "{5CA3D604-C02B-4FD4-886D-F89B4A915C89}"
EndProject
Project("{FAE04EC0-301F-11D3-BF4B-00C04F79EFBC}") = "UniversalBatteryService.Samples.Universal", "UniversalBatteryService.Samples.Universal\UniversalBatteryService.Samples.Universal.csproj", "{C623CCC0-F2F7-49C1-923E-C82FCFD6E4A6}"
EndProject
Project("{2150E333-8FDC-42A3-9474-1A3956D46DE8}") = "UniversalBetteryService.Samples", "UniversalBetteryService.Samples", "{3BE3005F-24E9-4CD0-B596-F2DD547CEAB8}"
EndProject
Project("{D954291E-2A0B-460D-934E-DC6B0785DB48}") = "UniversalBetteryService.Samples.Shared", "UniversalBetteryService.Samples.Shared\UniversalBetteryService.Samples.Shared.shproj", "{28F7CB28-282C-4BC8-96E4-85E629F90156}"
EndProject
Project("{FAE04EC0-301F-11D3-BF4B-00C04F79EFBC}") = "UniversalBetteryService.Samples.Windows", "UniversalBetteryService.Samples.Windows\UniversalBetteryService.Samples.Windows.csproj", "{BDC7C172-FA64-46C4-BB1C-57E49A003E88}"
EndProject
Project("{FAE04EC0-301F-11D3-BF4B-00C04F79EFBC}") = "UniversalBetteryService.Samples.WindowsPhone", "UniversalBetteryService.Samples.WindowsPhone\UniversalBetteryService.Samples.WindowsPhone.csproj", "{687D2611-873F-4F11-A720-530B19F60B3C}"
EndProject
Global
	GlobalSection(SharedMSBuildProjectFiles) = preSolution
		UniversalBetteryService.Samples.Shared\UniversalBetteryService.Samples.Shared.projitems*{28f7cb28-282c-4bc8-96e4-85e629f90156}*SharedItemsImports = 13
		..\src\UniversalBatteryService\UniversalBatteryService.projitems*{60b97639-634e-4f3b-a808-8c49fa489dee}*SharedItemsImports = 4
		UniversalBetteryService.Samples.Shared\UniversalBetteryService.Samples.Shared.projitems*{687d2611-873f-4f11-a720-530b19f60b3c}*SharedItemsImports = 4
		..\src\UniversalBatteryService\UniversalBatteryService.projitems*{7f04e49d-8ac1-4333-ae98-201b55b2402b}*SharedItemsImports = 13
		UniversalBetteryService.Samples.Shared\UniversalBetteryService.Samples.Shared.projitems*{bdc7c172-fa64-46c4-bb1c-57e49a003e88}*SharedItemsImports = 4
		..\src\UniversalBatteryService\UniversalBatteryService.projitems*{50fc16b5-5c89-4713-af49-20731b52dd34}*SharedItemsImports = 4
		..\src\UniversalBatteryService\UniversalBatteryService.projitems*{7140ef73-1248-48ed-8164-277be745da26}*SharedItemsImports = 4
		..\src\UniversalBatteryService\UniversalBatteryService.projitems*{5ca3d604-c02b-4fd4-886d-f89b4a915c89}*SharedItemsImports = 4
	EndGlobalSection
	GlobalSection(SolutionConfigurationPlatforms) = preSolution
		Debug|Any CPU = Debug|Any CPU
		Debug|ARM = Debug|ARM
		Debug|x64 = Debug|x64
		Debug|x86 = Debug|x86
		Release|Any CPU = Release|Any CPU
		Release|ARM = Release|ARM
		Release|x64 = Release|x64
		Release|x86 = Release|x86
	EndGlobalSection
	GlobalSection(ProjectConfigurationPlatforms) = postSolution
		{A1517162-D5D1-49E3-A372-0EBD1FED0E15}.Debug|Any CPU.ActiveCfg = Debug|Any CPU
		{A1517162-D5D1-49E3-A372-0EBD1FED0E15}.Debug|Any CPU.Build.0 = Debug|Any CPU
		{A1517162-D5D1-49E3-A372-0EBD1FED0E15}.Debug|ARM.ActiveCfg = Debug|Any CPU
		{A1517162-D5D1-49E3-A372-0EBD1FED0E15}.Debug|ARM.Build.0 = Debug|Any CPU
		{A1517162-D5D1-49E3-A372-0EBD1FED0E15}.Debug|x64.ActiveCfg = Debug|Any CPU
		{A1517162-D5D1-49E3-A372-0EBD1FED0E15}.Debug|x64.Build.0 = Debug|Any CPU
		{A1517162-D5D1-49E3-A372-0EBD1FED0E15}.Debug|x86.ActiveCfg = Debug|Any CPU
		{A1517162-D5D1-49E3-A372-0EBD1FED0E15}.Debug|x86.Build.0 = Debug|Any CPU
		{A1517162-D5D1-49E3-A372-0EBD1FED0E15}.Release|Any CPU.ActiveCfg = Release|Any CPU
		{A1517162-D5D1-49E3-A372-0EBD1FED0E15}.Release|Any CPU.Build.0 = Release|Any CPU
		{A1517162-D5D1-49E3-A372-0EBD1FED0E15}.Release|ARM.ActiveCfg = Release|Any CPU
		{A1517162-D5D1-49E3-A372-0EBD1FED0E15}.Release|ARM.Build.0 = Release|Any CPU
		{A1517162-D5D1-49E3-A372-0EBD1FED0E15}.Release|x64.ActiveCfg = Release|Any CPU
		{A1517162-D5D1-49E3-A372-0EBD1FED0E15}.Release|x64.Build.0 = Release|Any CPU
		{A1517162-D5D1-49E3-A372-0EBD1FED0E15}.Release|x86.ActiveCfg = Release|Any CPU
		{A1517162-D5D1-49E3-A372-0EBD1FED0E15}.Release|x86.Build.0 = Release|Any CPU
		{60B97639-634E-4F3B-A808-8C49FA489DEE}.Debug|Any CPU.ActiveCfg = Debug|Any CPU
		{60B97639-634E-4F3B-A808-8C49FA489DEE}.Debug|Any CPU.Build.0 = Debug|Any CPU
		{60B97639-634E-4F3B-A808-8C49FA489DEE}.Debug|ARM.ActiveCfg = Debug|Any CPU
		{60B97639-634E-4F3B-A808-8C49FA489DEE}.Debug|ARM.Build.0 = Debug|Any CPU
		{60B97639-634E-4F3B-A808-8C49FA489DEE}.Debug|x64.ActiveCfg = Debug|Any CPU
		{60B97639-634E-4F3B-A808-8C49FA489DEE}.Debug|x64.Build.0 = Debug|Any CPU
		{60B97639-634E-4F3B-A808-8C49FA489DEE}.Debug|x86.ActiveCfg = Debug|Any CPU
		{60B97639-634E-4F3B-A808-8C49FA489DEE}.Debug|x86.Build.0 = Debug|Any CPU
		{60B97639-634E-4F3B-A808-8C49FA489DEE}.Release|Any CPU.ActiveCfg = Release|Any CPU
		{60B97639-634E-4F3B-A808-8C49FA489DEE}.Release|Any CPU.Build.0 = Release|Any CPU
		{60B97639-634E-4F3B-A808-8C49FA489DEE}.Release|ARM.ActiveCfg = Release|Any CPU
		{60B97639-634E-4F3B-A808-8C49FA489DEE}.Release|ARM.Build.0 = Release|Any CPU
		{60B97639-634E-4F3B-A808-8C49FA489DEE}.Release|x64.ActiveCfg = Release|Any CPU
		{60B97639-634E-4F3B-A808-8C49FA489DEE}.Release|x64.Build.0 = Release|Any CPU
		{60B97639-634E-4F3B-A808-8C49FA489DEE}.Release|x86.ActiveCfg = Release|Any CPU
		{60B97639-634E-4F3B-A808-8C49FA489DEE}.Release|x86.Build.0 = Release|Any CPU
		{7140EF73-1248-48ED-8164-277BE745DA26}.Debug|Any CPU.ActiveCfg = Debug|Any CPU
		{7140EF73-1248-48ED-8164-277BE745DA26}.Debug|Any CPU.Build.0 = Debug|Any CPU
		{7140EF73-1248-48ED-8164-277BE745DA26}.Debug|ARM.ActiveCfg = Debug|ARM
		{7140EF73-1248-48ED-8164-277BE745DA26}.Debug|ARM.Build.0 = Debug|ARM
		{7140EF73-1248-48ED-8164-277BE745DA26}.Debug|x64.ActiveCfg = Debug|x64
		{7140EF73-1248-48ED-8164-277BE745DA26}.Debug|x64.Build.0 = Debug|x64
		{7140EF73-1248-48ED-8164-277BE745DA26}.Debug|x86.ActiveCfg = Debug|x86
		{7140EF73-1248-48ED-8164-277BE745DA26}.Debug|x86.Build.0 = Debug|x86
		{7140EF73-1248-48ED-8164-277BE745DA26}.Release|Any CPU.ActiveCfg = Release|Any CPU
		{7140EF73-1248-48ED-8164-277BE745DA26}.Release|Any CPU.Build.0 = Release|Any CPU
		{7140EF73-1248-48ED-8164-277BE745DA26}.Release|ARM.ActiveCfg = Release|ARM
		{7140EF73-1248-48ED-8164-277BE745DA26}.Release|ARM.Build.0 = Release|ARM
		{7140EF73-1248-48ED-8164-277BE745DA26}.Release|x64.ActiveCfg = Release|x64
		{7140EF73-1248-48ED-8164-277BE745DA26}.Release|x64.Build.0 = Release|x64
		{7140EF73-1248-48ED-8164-277BE745DA26}.Release|x86.ActiveCfg = Release|x86
		{7140EF73-1248-48ED-8164-277BE745DA26}.Release|x86.Build.0 = Release|x86
		{50FC16B5-5C89-4713-AF49-20731B52DD34}.Debug|Any CPU.ActiveCfg = Debug|Any CPU
		{50FC16B5-5C89-4713-AF49-20731B52DD34}.Debug|Any CPU.Build.0 = Debug|Any CPU
		{50FC16B5-5C89-4713-AF49-20731B52DD34}.Debug|ARM.ActiveCfg = Debug|ARM
		{50FC16B5-5C89-4713-AF49-20731B52DD34}.Debug|ARM.Build.0 = Debug|ARM
		{50FC16B5-5C89-4713-AF49-20731B52DD34}.Debug|x64.ActiveCfg = Debug|x64
		{50FC16B5-5C89-4713-AF49-20731B52DD34}.Debug|x64.Build.0 = Debug|x64
		{50FC16B5-5C89-4713-AF49-20731B52DD34}.Debug|x86.ActiveCfg = Debug|x86
		{50FC16B5-5C89-4713-AF49-20731B52DD34}.Debug|x86.Build.0 = Debug|x86
		{50FC16B5-5C89-4713-AF49-20731B52DD34}.Release|Any CPU.ActiveCfg = Release|Any CPU
		{50FC16B5-5C89-4713-AF49-20731B52DD34}.Release|Any CPU.Build.0 = Release|Any CPU
		{50FC16B5-5C89-4713-AF49-20731B52DD34}.Release|ARM.ActiveCfg = Release|ARM
		{50FC16B5-5C89-4713-AF49-20731B52DD34}.Release|ARM.Build.0 = Release|ARM
		{50FC16B5-5C89-4713-AF49-20731B52DD34}.Release|x64.ActiveCfg = Release|x64
		{50FC16B5-5C89-4713-AF49-20731B52DD34}.Release|x64.Build.0 = Release|x64
		{50FC16B5-5C89-4713-AF49-20731B52DD34}.Release|x86.ActiveCfg = Release|x86
		{50FC16B5-5C89-4713-AF49-20731B52DD34}.Release|x86.Build.0 = Release|x86
		{5CA3D604-C02B-4FD4-886D-F89B4A915C89}.Debug|Any CPU.ActiveCfg = Debug|Any CPU
		{5CA3D604-C02B-4FD4-886D-F89B4A915C89}.Debug|Any CPU.Build.0 = Debug|Any CPU
		{5CA3D604-C02B-4FD4-886D-F89B4A915C89}.Debug|ARM.ActiveCfg = Debug|ARM
		{5CA3D604-C02B-4FD4-886D-F89B4A915C89}.Debug|ARM.Build.0 = Debug|ARM
		{5CA3D604-C02B-4FD4-886D-F89B4A915C89}.Debug|x64.ActiveCfg = Debug|Any CPU
		{5CA3D604-C02B-4FD4-886D-F89B4A915C89}.Debug|x64.Build.0 = Debug|Any CPU
		{5CA3D604-C02B-4FD4-886D-F89B4A915C89}.Debug|x86.ActiveCfg = Debug|x86
		{5CA3D604-C02B-4FD4-886D-F89B4A915C89}.Debug|x86.Build.0 = Debug|x86
		{5CA3D604-C02B-4FD4-886D-F89B4A915C89}.Release|Any CPU.ActiveCfg = Release|Any CPU
		{5CA3D604-C02B-4FD4-886D-F89B4A915C89}.Release|Any CPU.Build.0 = Release|Any CPU
		{5CA3D604-C02B-4FD4-886D-F89B4A915C89}.Release|ARM.ActiveCfg = Release|ARM
		{5CA3D604-C02B-4FD4-886D-F89B4A915C89}.Release|ARM.Build.0 = Release|ARM
		{5CA3D604-C02B-4FD4-886D-F89B4A915C89}.Release|x64.ActiveCfg = Release|Any CPU
		{5CA3D604-C02B-4FD4-886D-F89B4A915C89}.Release|x64.Build.0 = Release|Any CPU
		{5CA3D604-C02B-4FD4-886D-F89B4A915C89}.Release|x86.ActiveCfg = Release|x86
		{5CA3D604-C02B-4FD4-886D-F89B4A915C89}.Release|x86.Build.0 = Release|x86
		{C623CCC0-F2F7-49C1-923E-C82FCFD6E4A6}.Debug|Any CPU.ActiveCfg = Debug|x86
		{C623CCC0-F2F7-49C1-923E-C82FCFD6E4A6}.Debug|ARM.ActiveCfg = Debug|ARM
		{C623CCC0-F2F7-49C1-923E-C82FCFD6E4A6}.Debug|ARM.Build.0 = Debug|ARM
		{C623CCC0-F2F7-49C1-923E-C82FCFD6E4A6}.Debug|ARM.Deploy.0 = Debug|ARM
		{C623CCC0-F2F7-49C1-923E-C82FCFD6E4A6}.Debug|x64.ActiveCfg = Debug|x64
		{C623CCC0-F2F7-49C1-923E-C82FCFD6E4A6}.Debug|x64.Build.0 = Debug|x64
		{C623CCC0-F2F7-49C1-923E-C82FCFD6E4A6}.Debug|x64.Deploy.0 = Debug|x64
		{C623CCC0-F2F7-49C1-923E-C82FCFD6E4A6}.Debug|x86.ActiveCfg = Debug|x86
		{C623CCC0-F2F7-49C1-923E-C82FCFD6E4A6}.Debug|x86.Build.0 = Debug|x86
		{C623CCC0-F2F7-49C1-923E-C82FCFD6E4A6}.Debug|x86.Deploy.0 = Debug|x86
		{C623CCC0-F2F7-49C1-923E-C82FCFD6E4A6}.Release|Any CPU.ActiveCfg = Release|x86
		{C623CCC0-F2F7-49C1-923E-C82FCFD6E4A6}.Release|ARM.ActiveCfg = Release|ARM
		{C623CCC0-F2F7-49C1-923E-C82FCFD6E4A6}.Release|ARM.Build.0 = Release|ARM
		{C623CCC0-F2F7-49C1-923E-C82FCFD6E4A6}.Release|ARM.Deploy.0 = Release|ARM
		{C623CCC0-F2F7-49C1-923E-C82FCFD6E4A6}.Release|x64.ActiveCfg = Release|x64
		{C623CCC0-F2F7-49C1-923E-C82FCFD6E4A6}.Release|x64.Build.0 = Release|x64
		{C623CCC0-F2F7-49C1-923E-C82FCFD6E4A6}.Release|x64.Deploy.0 = Release|x64
		{C623CCC0-F2F7-49C1-923E-C82FCFD6E4A6}.Release|x86.ActiveCfg = Release|x86
		{C623CCC0-F2F7-49C1-923E-C82FCFD6E4A6}.Release|x86.Build.0 = Release|x86
		{C623CCC0-F2F7-49C1-923E-C82FCFD6E4A6}.Release|x86.Deploy.0 = Release|x86
		{BDC7C172-FA64-46C4-BB1C-57E49A003E88}.Debug|Any CPU.ActiveCfg = Debug|Any CPU
		{BDC7C172-FA64-46C4-BB1C-57E49A003E88}.Debug|Any CPU.Build.0 = Debug|Any CPU
		{BDC7C172-FA64-46C4-BB1C-57E49A003E88}.Debug|Any CPU.Deploy.0 = Debug|Any CPU
		{BDC7C172-FA64-46C4-BB1C-57E49A003E88}.Debug|ARM.ActiveCfg = Debug|ARM
		{BDC7C172-FA64-46C4-BB1C-57E49A003E88}.Debug|ARM.Build.0 = Debug|ARM
		{BDC7C172-FA64-46C4-BB1C-57E49A003E88}.Debug|ARM.Deploy.0 = Debug|ARM
		{BDC7C172-FA64-46C4-BB1C-57E49A003E88}.Debug|x64.ActiveCfg = Debug|x64
		{BDC7C172-FA64-46C4-BB1C-57E49A003E88}.Debug|x64.Build.0 = Debug|x64
		{BDC7C172-FA64-46C4-BB1C-57E49A003E88}.Debug|x64.Deploy.0 = Debug|x64
		{BDC7C172-FA64-46C4-BB1C-57E49A003E88}.Debug|x86.ActiveCfg = Debug|x86
		{BDC7C172-FA64-46C4-BB1C-57E49A003E88}.Debug|x86.Build.0 = Debug|x86
		{BDC7C172-FA64-46C4-BB1C-57E49A003E88}.Debug|x86.Deploy.0 = Debug|x86
		{BDC7C172-FA64-46C4-BB1C-57E49A003E88}.Release|Any CPU.ActiveCfg = Release|Any CPU
		{BDC7C172-FA64-46C4-BB1C-57E49A003E88}.Release|Any CPU.Build.0 = Release|Any CPU
		{BDC7C172-FA64-46C4-BB1C-57E49A003E88}.Release|Any CPU.Deploy.0 = Release|Any CPU
		{BDC7C172-FA64-46C4-BB1C-57E49A003E88}.Release|ARM.ActiveCfg = Release|ARM
		{BDC7C172-FA64-46C4-BB1C-57E49A003E88}.Release|ARM.Build.0 = Release|ARM
		{BDC7C172-FA64-46C4-BB1C-57E49A003E88}.Release|ARM.Deploy.0 = Release|ARM
		{BDC7C172-FA64-46C4-BB1C-57E49A003E88}.Release|x64.ActiveCfg = Release|x64
		{BDC7C172-FA64-46C4-BB1C-57E49A003E88}.Release|x64.Build.0 = Release|x64
		{BDC7C172-FA64-46C4-BB1C-57E49A003E88}.Release|x64.Deploy.0 = Release|x64
		{BDC7C172-FA64-46C4-BB1C-57E49A003E88}.Release|x86.ActiveCfg = Release|x86
		{BDC7C172-FA64-46C4-BB1C-57E49A003E88}.Release|x86.Build.0 = Release|x86
		{BDC7C172-FA64-46C4-BB1C-57E49A003E88}.Release|x86.Deploy.0 = Release|x86
		{687D2611-873F-4F11-A720-530B19F60B3C}.Debug|Any CPU.ActiveCfg = Debug|Any CPU
		{687D2611-873F-4F11-A720-530B19F60B3C}.Debug|Any CPU.Build.0 = Debug|Any CPU
		{687D2611-873F-4F11-A720-530B19F60B3C}.Debug|Any CPU.Deploy.0 = Debug|Any CPU
		{687D2611-873F-4F11-A720-530B19F60B3C}.Debug|ARM.ActiveCfg = Debug|ARM
		{687D2611-873F-4F11-A720-530B19F60B3C}.Debug|ARM.Build.0 = Debug|ARM
		{687D2611-873F-4F11-A720-530B19F60B3C}.Debug|ARM.Deploy.0 = Debug|ARM
		{687D2611-873F-4F11-A720-530B19F60B3C}.Debug|x64.ActiveCfg = Debug|Any CPU
		{687D2611-873F-4F11-A720-530B19F60B3C}.Debug|x64.Build.0 = Debug|Any CPU
		{687D2611-873F-4F11-A720-530B19F60B3C}.Debug|x64.Deploy.0 = Debug|Any CPU
		{687D2611-873F-4F11-A720-530B19F60B3C}.Debug|x86.ActiveCfg = Debug|x86
		{687D2611-873F-4F11-A720-530B19F60B3C}.Debug|x86.Build.0 = Debug|x86
		{687D2611-873F-4F11-A720-530B19F60B3C}.Debug|x86.Deploy.0 = Debug|x86
		{687D2611-873F-4F11-A720-530B19F60B3C}.Release|Any CPU.ActiveCfg = Release|Any CPU
		{687D2611-873F-4F11-A720-530B19F60B3C}.Release|Any CPU.Build.0 = Release|Any CPU
		{687D2611-873F-4F11-A720-530B19F60B3C}.Release|Any CPU.Deploy.0 = Release|Any CPU
		{687D2611-873F-4F11-A720-530B19F60B3C}.Release|ARM.ActiveCfg = Release|ARM
		{687D2611-873F-4F11-A720-530B19F60B3C}.Release|ARM.Build.0 = Release|ARM
		{687D2611-873F-4F11-A720-530B19F60B3C}.Release|ARM.Deploy.0 = Release|ARM
		{687D2611-873F-4F11-A720-530B19F60B3C}.Release|x64.ActiveCfg = Release|Any CPU
		{687D2611-873F-4F11-A720-530B19F60B3C}.Release|x64.Build.0 = Release|Any CPU
		{687D2611-873F-4F11-A720-530B19F60B3C}.Release|x64.Deploy.0 = Release|Any CPU
		{687D2611-873F-4F11-A720-530B19F60B3C}.Release|x86.ActiveCfg = Release|x86
		{687D2611-873F-4F11-A720-530B19F60B3C}.Release|x86.Build.0 = Release|x86
		{687D2611-873F-4F11-A720-530B19F60B3C}.Release|x86.Deploy.0 = Release|x86
	EndGlobalSection
	GlobalSection(SolutionProperties) = preSolution
		HideSolutionNode = FALSE
	EndGlobalSection
	GlobalSection(NestedProjects) = preSolution
		{7F04E49D-8AC1-4333-AE98-201B55B2402B} = {FC63A515-053D-42A0-8D7F-98F3A960EF00}
		{60B97639-634E-4F3B-A808-8C49FA489DEE} = {FC63A515-053D-42A0-8D7F-98F3A960EF00}
		{7140EF73-1248-48ED-8164-277BE745DA26} = {FC63A515-053D-42A0-8D7F-98F3A960EF00}
		{50FC16B5-5C89-4713-AF49-20731B52DD34} = {FC63A515-053D-42A0-8D7F-98F3A960EF00}
		{5CA3D604-C02B-4FD4-886D-F89B4A915C89} = {FC63A515-053D-42A0-8D7F-98F3A960EF00}
		{28F7CB28-282C-4BC8-96E4-85E629F90156} = {3BE3005F-24E9-4CD0-B596-F2DD547CEAB8}
	EndGlobalSection
EndGlobal
